
Microsoft Visual Studio Solution File, Format Version 12.00
# Visual Studio Version 17
VisualStudioVersion = 17.6.33723.286
MinimumVisualStudioVersion = 10.0.40219.1
Project("{FAE04EC0-301F-11D3-BF4B-00C04F79EFBC}") = "Graphs", "Graphs\Graphs.csproj", "{D6945C66-CAE7-45F6-83AC-9CC4C4A73136}"
EndProject
Global
	GlobalSection(SolutionConfigurationPlatforms) = preSolution
		Debug|Any CPU = Debug|Any CPU
		Release|Any CPU = Release|Any CPU
	EndGlobalSection
	GlobalSection(ProjectConfigurationPlatforms) = postSolution
		{D6945C66-CAE7-45F6-83AC-9CC4C4A73136}.Debug|Any CPU.ActiveCfg = Debug|Any CPU
		{D6945C66-CAE7-45F6-83AC-9CC4C4A73136}.Debug|Any CPU.Build.0 = Debug|Any CPU
		{D6945C66-CAE7-45F6-83AC-9CC4C4A73136}.Release|Any CPU.ActiveCfg = Release|Any CPU
		{D6945C66-CAE7-45F6-83AC-9CC4C4A73136}.Release|Any CPU.Build.0 = Release|Any CPU
	EndGlobalSection
	GlobalSection(SolutionProperties) = preSolution
		HideSolutionNode = FALSE
	EndGlobalSection
	GlobalSection(ExtensibilityGlobals) = postSolution
		SolutionGuid = {1FA22303-C454-409A-A189-A570C3F37BD4}
	EndGlobalSection
EndGlobal
