
Microsoft Visual Studio Solution File, Format Version 12.00
# Visual Studio Version 17
VisualStudioVersion = 17.9.34728.123
MinimumVisualStudioVersion = 10.0.40219.1
Project("{FAE04EC0-301F-11D3-BF4B-00C04F79EFBC}") = "Kodowanie Huffmana", "Kodowanie Huffmana\Kodowanie Huffmana.csproj", "{E6819D92-FB46-4182-826D-0472E6D22EE5}"
EndProject
Global
	GlobalSection(SolutionConfigurationPlatforms) = preSolution
		Debug|Any CPU = Debug|Any CPU
		Release|Any CPU = Release|Any CPU
	EndGlobalSection
	GlobalSection(ProjectConfigurationPlatforms) = postSolution
		{E6819D92-FB46-4182-826D-0472E6D22EE5}.Debug|Any CPU.ActiveCfg = Debug|Any CPU
		{E6819D92-FB46-4182-826D-0472E6D22EE5}.Debug|Any CPU.Build.0 = Debug|Any CPU
		{E6819D92-FB46-4182-826D-0472E6D22EE5}.Release|Any CPU.ActiveCfg = Release|Any CPU
		{E6819D92-FB46-4182-826D-0472E6D22EE5}.Release|Any CPU.Build.0 = Release|Any CPU
	EndGlobalSection
	GlobalSection(SolutionProperties) = preSolution
		HideSolutionNode = FALSE
	EndGlobalSection
	GlobalSection(ExtensibilityGlobals) = postSolution
		SolutionGuid = {3E04C782-3369-4D00-B75A-CD37AD95F59F}
	EndGlobalSection
EndGlobal
